
Microsoft Visual Studio Solution File, Format Version 12.00
# Visual Studio 15
VisualStudioVersion = 15.0.28307.329
MinimumVisualStudioVersion = 10.0.40219.1
Project("{9A19103F-16F7-4668-BE54-9A1E7A4F7556}") = "API", "API\API.csproj", "{063E7BFF-7336-4D71-ADD6-67F4E6BFF1CF}"
EndProject
Project("{9A19103F-16F7-4668-BE54-9A1E7A4F7556}") = "Core", "Core\Core.csproj", "{B2B49C82-7E46-49AA-8EAC-8E8A0F65392B}"
EndProject
Project("{9A19103F-16F7-4668-BE54-9A1E7A4F7556}") = "InfraStructure", "InfraStructure\InfraStructure.csproj", "{6BEADF4D-FD8C-4C30-A10E-0B5BC0F74D1E}"
EndProject
Global
	GlobalSection(SolutionConfigurationPlatforms) = preSolution
		Debug|Any CPU = Debug|Any CPU
		Release|Any CPU = Release|Any CPU
	EndGlobalSection
	GlobalSection(ProjectConfigurationPlatforms) = postSolution
		{063E7BFF-7336-4D71-ADD6-67F4E6BFF1CF}.Debug|Any CPU.ActiveCfg = Debug|Any CPU
		{063E7BFF-7336-4D71-ADD6-67F4E6BFF1CF}.Debug|Any CPU.Build.0 = Debug|Any CPU
		{063E7BFF-7336-4D71-ADD6-67F4E6BFF1CF}.Release|Any CPU.ActiveCfg = Release|Any CPU
		{063E7BFF-7336-4D71-ADD6-67F4E6BFF1CF}.Release|Any CPU.Build.0 = Release|Any CPU
		{B2B49C82-7E46-49AA-8EAC-8E8A0F65392B}.Debug|Any CPU.ActiveCfg = Debug|Any CPU
		{B2B49C82-7E46-49AA-8EAC-8E8A0F65392B}.Debug|Any CPU.Build.0 = Debug|Any CPU
		{B2B49C82-7E46-49AA-8EAC-8E8A0F65392B}.Release|Any CPU.ActiveCfg = Release|Any CPU
		{B2B49C82-7E46-49AA-8EAC-8E8A0F65392B}.Release|Any CPU.Build.0 = Release|Any CPU
		{6BEADF4D-FD8C-4C30-A10E-0B5BC0F74D1E}.Debug|Any CPU.ActiveCfg = Debug|Any CPU
		{6BEADF4D-FD8C-4C30-A10E-0B5BC0F74D1E}.Debug|Any CPU.Build.0 = Debug|Any CPU
		{6BEADF4D-FD8C-4C30-A10E-0B5BC0F74D1E}.Release|Any CPU.ActiveCfg = Release|Any CPU
		{6BEADF4D-FD8C-4C30-A10E-0B5BC0F74D1E}.Release|Any CPU.Build.0 = Release|Any CPU
	EndGlobalSection
	GlobalSection(SolutionProperties) = preSolution
		HideSolutionNode = FALSE
	EndGlobalSection
	GlobalSection(ExtensibilityGlobals) = postSolution
		SolutionGuid = {D56433C4-AFF7-486F-A3A5-D043F7C85CFB}
	EndGlobalSection
EndGlobal
